{
  "name": "webvr-boilerplate",
  "version": "0.5.0",
  "lockfileVersion": 1,
  "requires": true,
  "dependencies": {
    "es6-promise": {
      "version": "4.0.5",
      "resolved": "https://registry.npmjs.org/es6-promise/-/es6-promise-4.0.5.tgz",
      "integrity": "sha1-eILzCt3lskDM+n99eMVIMwlRrkI="
    },
    "eventemitter3": {
      "version": "2.0.2",
      "resolved": "https://registry.npmjs.org/eventemitter3/-/eventemitter3-2.0.2.tgz",
      "integrity": "sha1-IM5IkZCc6fNbCIyU+rQOLJb0c6w="
    },
    "object-assign": {
      "version": "4.1.1",
      "resolved": "https://registry.npmjs.org/object-assign/-/object-assign-4.1.1.tgz",
      "integrity": "sha1-IQmtx5ZYh8/AXLvUQsrIv7s2CGM="
    },
    "screenfull": {
      "version": "3.0.2",
      "resolved": "https://registry.npmjs.org/screenfull/-/screenfull-3.0.2.tgz",
      "integrity": "sha1-n7zOB7rUxoCo+Q8r/JxBeIr1XQw="
    },
    "three": {
      "version": "0.94.0",
      "resolved": "https://registry.npmjs.org/three/-/three-0.94.0.tgz",
      "integrity": "sha1-TObbfyv795wtc0RKpuPPwIoy12I="
    },
    "three-stl-loader": {
      "version": "1.0.6",
      "resolved": "https://registry.npmjs.org/three-stl-loader/-/three-stl-loader-1.0.6.tgz",
      "integrity": "sha512-Z5Tc41XwYkR7we7Igz9Ck0Gw931aMePpPA2piaixUBOqteztlnh5onH/op5UrTdlOjs6GnKR6DBHZ4plUEh4bA=="
    },
    "webvr-polyfill": {
      "version": "0.9.25",
      "resolved": "https://registry.npmjs.org/webvr-polyfill/-/webvr-polyfill-0.9.25.tgz",
      "integrity": "sha1-CsHEv/VDOJOsczUUT4rKFkyzl/o=",
      "requires": {
        "eventemitter3": "^2.0.2",
        "object-assign": "^4.0.1"
      }
    },
    "webvr-ui": {
      "version": "0.9.3",
      "resolved": "https://registry.npmjs.org/webvr-ui/-/webvr-ui-0.9.3.tgz",
      "integrity": "sha1-QHerC5zxkJqiOi3YcyZnMvoNzLs=",
      "requires": {
        "eventemitter3": "^2.0.2",
        "screenfull": "^3.0.2"
      }
    }
  }
}
